
Microsoft Visual Studio Solution File, Format Version 12.00
# Visual Studio Version 17
VisualStudioVersion = 17.1.32328.378
MinimumVisualStudioVersion = 10.0.40219.1
Project("{FAE04EC0-301F-11D3-BF4B-00C04F79EFBC}") = "HomeChecker.WPF", "HomeChecker.WPF\HomeChecker.WPF.csproj", "{2CC7E595-CD0D-494F-A828-92B31BF2DB3E}"
EndProject
Project("{FAE04EC0-301F-11D3-BF4B-00C04F79EFBC}") = "HomeChecker.Domain", "HomeChecker.Domain\HomeChecker.Domain.csproj", "{03179CC5-5B5C-461E-BEBF-4207CC46E79B}"
EndProject
Global
	GlobalSection(SolutionConfigurationPlatforms) = preSolution
		Debug|Any CPU = Debug|Any CPU
		Release|Any CPU = Release|Any CPU
	EndGlobalSection
	GlobalSection(ProjectConfigurationPlatforms) = postSolution
		{2CC7E595-CD0D-494F-A828-92B31BF2DB3E}.Debug|Any CPU.ActiveCfg = Debug|Any CPU
		{2CC7E595-CD0D-494F-A828-92B31BF2DB3E}.Debug|Any CPU.Build.0 = Debug|Any CPU
		{2CC7E595-CD0D-494F-A828-92B31BF2DB3E}.Release|Any CPU.ActiveCfg = Release|Any CPU
		{2CC7E595-CD0D-494F-A828-92B31BF2DB3E}.Release|Any CPU.Build.0 = Release|Any CPU
		{03179CC5-5B5C-461E-BEBF-4207CC46E79B}.Debug|Any CPU.ActiveCfg = Debug|Any CPU
		{03179CC5-5B5C-461E-BEBF-4207CC46E79B}.Debug|Any CPU.Build.0 = Debug|Any CPU
		{03179CC5-5B5C-461E-BEBF-4207CC46E79B}.Release|Any CPU.ActiveCfg = Release|Any CPU
		{03179CC5-5B5C-461E-BEBF-4207CC46E79B}.Release|Any CPU.Build.0 = Release|Any CPU
	EndGlobalSection
	GlobalSection(SolutionProperties) = preSolution
		HideSolutionNode = FALSE
	EndGlobalSection
	GlobalSection(ExtensibilityGlobals) = postSolution
		SolutionGuid = {0AB70E98-4A5E-4CCF-BE25-CE011E373F93}
	EndGlobalSection
EndGlobal
